
Microsoft Visual Studio Solution File, Format Version 12.00
# Visual Studio Version 17
VisualStudioVersion = 17.11.35327.3
MinimumVisualStudioVersion = 10.0.40219.1
Project("{FAE04EC0-301F-11D3-BF4B-00C04F79EFBC}") = "D", "D\D.csproj", "{CF3E8344-BC44-441C-AC6C-961C4CB9EF8F}"
EndProject
Project("{2150E333-8FDC-42A3-9474-1A3956D46DE8}") = "Solution Items", "Solution Items", "{05CBE4F8-DE10-4B0C-B119-B562E1727495}"
EndProject
Global
	GlobalSection(SolutionConfigurationPlatforms) = preSolution
		Debug|Any CPU = Debug|Any CPU
		Release|Any CPU = Release|Any CPU
	EndGlobalSection
	GlobalSection(ProjectConfigurationPlatforms) = postSolution
		{CF3E8344-BC44-441C-AC6C-961C4CB9EF8F}.Debug|Any CPU.ActiveCfg = Debug|Any CPU
		{CF3E8344-BC44-441C-AC6C-961C4CB9EF8F}.Debug|Any CPU.Build.0 = Debug|Any CPU
		{CF3E8344-BC44-441C-AC6C-961C4CB9EF8F}.Release|Any CPU.ActiveCfg = Release|Any CPU
		{CF3E8344-BC44-441C-AC6C-961C4CB9EF8F}.Release|Any CPU.Build.0 = Release|Any CPU
	EndGlobalSection
	GlobalSection(SolutionProperties) = preSolution
		HideSolutionNode = FALSE
	EndGlobalSection
	GlobalSection(ExtensibilityGlobals) = postSolution
		SolutionGuid = {D335AD06-CDA7-4B99-8EC9-C9B5D27A2120}
	EndGlobalSection
EndGlobal
